// !$*UTF8*$!
{
	archiveVersion = 1;
	classes = {
	};
	objectVersion = 55;
	objects = {

/* Begin PBXBuildFile section */
		AA121315288F377F002D0B6F /* SearchResultCell.xib in Resources */ = {isa = PBXBuildFile; fileRef = AA121314288F377F002D0B6F /* SearchResultCell.xib */; };
		AA121317288F41C3002D0B6F /* SearchResultCell.swift in Sources */ = {isa = PBXBuildFile; fileRef = AA121316288F41C3002D0B6F /* SearchResultCell.swift */; };
		AA12131B288F46E8002D0B6F /* NothingFoundCell.xib in Resources */ = {isa = PBXBuildFile; fileRef = AA12131A288F46E8002D0B6F /* NothingFoundCell.xib */; };
		AA12131D288F47BD002D0B6F /* Constants.swift in Sources */ = {isa = PBXBuildFile; fileRef = AA12131C288F47BD002D0B6F /* Constants.swift */; };
		AA4700702893195400FB41C7 /* LoadingCell.xib in Resources */ = {isa = PBXBuildFile; fileRef = AA47006F2893195400FB41C7 /* LoadingCell.xib */; };
		AAF640F02899D52200172908 /* GradientView.swift in Sources */ = {isa = PBXBuildFile; fileRef = AAF640EF2899D52200172908 /* GradientView.swift */; };
		AAF640F22899DA5A00172908 /* BounceAnimationController.swift in Sources */ = {isa = PBXBuildFile; fileRef = AAF640F12899DA5A00172908 /* BounceAnimationController.swift */; };
		AAF640F42899DEAA00172908 /* SlideOutAnimationController.swift in Sources */ = {isa = PBXBuildFile; fileRef = AAF640F32899DEAA00172908 /* SlideOutAnimationController.swift */; };
		AAF9CDEB288A1E5700595DC5 /* AppDelegate.swift in Sources */ = {isa = PBXBuildFile; fileRef = AAF9CDEA288A1E5700595DC5 /* AppDelegate.swift */; };
		AAF9CDED288A1E5700595DC5 /* SceneDelegate.swift in Sources */ = {isa = PBXBuildFile; fileRef = AAF9CDEC288A1E5700595DC5 /* SceneDelegate.swift */; };
		AAF9CDEF288A1E5700595DC5 /* SearchViewController.swift in Sources */ = {isa = PBXBuildFile; fileRef = AAF9CDEE288A1E5700595DC5 /* SearchViewController.swift */; };
		AAF9CDF2288A1E5700595DC5 /* Main.storyboard in Resources */ = {isa = PBXBuildFile; fileRef = AAF9CDF0288A1E5700595DC5 /* Main.storyboard */; };
		AAF9CDF4288A1E5900595DC5 /* Assets.xcassets in Resources */ = {isa = PBXBuildFile; fileRef = AAF9CDF3288A1E5900595DC5 /* Assets.xcassets */; };
		AAF9CDFF288B33C700595DC5 /* SearchResult.swift in Sources */ = {isa = PBXBuildFile; fileRef = AAF9CDFE288B33C700595DC5 /* SearchResult.swift */; };
		AAFD987B28972B1F005D0583 /* UIImageView+DownloadImage.swift in Sources */ = {isa = PBXBuildFile; fileRef = AAFD987A28972B1F005D0583 /* UIImageView+DownloadImage.swift */; };
		AAFD987D289895C0005D0583 /* DetailViewController.swift in Sources */ = {isa = PBXBuildFile; fileRef = AAFD987C289895C0005D0583 /* DetailViewController.swift */; };
/* End PBXBuildFile section */

/* Begin PBXFileReference section */
		AA121314288F377F002D0B6F /* SearchResultCell.xib */ = {isa = PBXFileReference; lastKnownFileType = file.xib; path = SearchResultCell.xib; sourceTree = "<group>"; };
		AA121316288F41C3002D0B6F /* SearchResultCell.swift */ = {isa = PBXFileReference; lastKnownFileType = sourcecode.swift; path = SearchResultCell.swift; sourceTree = "<group>"; };
		AA12131A288F46E8002D0B6F /* NothingFoundCell.xib */ = {isa = PBXFileReference; lastKnownFileType = file.xib; path = NothingFoundCell.xib; sourceTree = "<group>"; };
		AA12131C288F47BD002D0B6F /* Constants.swift */ = {isa = PBXFileReference; lastKnownFileType = sourcecode.swift; path = Constants.swift; sourceTree = "<group>"; };
		AA47006F2893195400FB41C7 /* LoadingCell.xib */ = {isa = PBXFileReference; lastKnownFileType = file.xib; path = LoadingCell.xib; sourceTree = "<group>"; };
		AAF640EF2899D52200172908 /* GradientView.swift */ = {isa = PBXFileReference; lastKnownFileType = sourcecode.swift; path = GradientView.swift; sourceTree = "<group>"; };
		AAF640F12899DA5A00172908 /* BounceAnimationController.swift */ = {isa = PBXFileReference; lastKnownFileType = sourcecode.swift; path = BounceAnimationController.swift; sourceTree = "<group>"; };
		AAF640F32899DEAA00172908 /* SlideOutAnimationController.swift */ = {isa = PBXFileReference; lastKnownFileType = sourcecode.swift; path = SlideOutAnimationController.swift; sourceTree = "<group>"; };
		AAF9CDE7288A1E5700595DC5 /* StoreSearch.app */ = {isa = PBXFileReference; explicitFileType = wrapper.application; includeInIndex = 0; path = StoreSearch.app; sourceTree = BUILT_PRODUCTS_DIR; };
		AAF9CDEA288A1E5700595DC5 /* AppDelegate.swift */ = {isa = PBXFileReference; lastKnownFileType = sourcecode.swift; path = AppDelegate.swift; sourceTree = "<group>"; };
		AAF9CDEC288A1E5700595DC5 /* SceneDelegate.swift */ = {isa = PBXFileReference; lastKnownFileType = sourcecode.swift; path = SceneDelegate.swift; sourceTree = "<group>"; };
		AAF9CDEE288A1E5700595DC5 /* SearchViewController.swift */ = {isa = PBXFileReference; lastKnownFileType = sourcecode.swift; path = SearchViewController.swift; sourceTree = "<group>"; };
		AAF9CDF1288A1E5700595DC5 /* Base */ = {isa = PBXFileReference; lastKnownFileType = file.storyboard; name = Base; path = Base.lproj/Main.storyboard; sourceTree = "<group>"; };
		AAF9CDF3288A1E5900595DC5 /* Assets.xcassets */ = {isa = PBXFileReference; lastKnownFileType = folder.assetcatalog; path = Assets.xcassets; sourceTree = "<group>"; };
		AAF9CDF8288A1E5900595DC5 /* Info.plist */ = {isa = PBXFileReference; lastKnownFileType = text.plist.xml; path = Info.plist; sourceTree = "<group>"; };
		AAF9CDFE288B33C700595DC5 /* SearchResult.swift */ = {isa = PBXFileReference; lastKnownFileType = sourcecode.swift; path = SearchResult.swift; sourceTree = "<group>"; };
		AAFD987A28972B1F005D0583 /* UIImageView+DownloadImage.swift */ = {isa = PBXFileReference; lastKnownFileType = sourcecode.swift; path = "UIImageView+DownloadImage.swift"; sourceTree = "<group>"; };
		AAFD987C289895C0005D0583 /* DetailViewController.swift */ = {isa = PBXFileReference; lastKnownFileType = sourcecode.swift; path = DetailViewController.swift; sourceTree = "<group>"; };
/* End PBXFileReference section */

/* Begin PBXFrameworksBuildPhase section */
		AAF9CDE4288A1E5700595DC5 /* Frameworks */ = {
			isa = PBXFrameworksBuildPhase;
			buildActionMask = 2147483647;
			files = (
			);
			runOnlyForDeploymentPostprocessing = 0;
		};
/* End PBXFrameworksBuildPhase section */

/* Begin PBXGroup section */
		AAF9CDDE288A1E5700595DC5 = {
			isa = PBXGroup;
			children = (
				AAF9CDE9288A1E5700595DC5 /* StoreSearch */,
				AAF9CDE8288A1E5700595DC5 /* Products */,
			);
			sourceTree = "<group>";
		};
		AAF9CDE8288A1E5700595DC5 /* Products */ = {
			isa = PBXGroup;
			children = (
				AAF9CDE7288A1E5700595DC5 /* StoreSearch.app */,
			);
			name = Products;
			sourceTree = "<group>";
		};
		AAF9CDE9288A1E5700595DC5 /* StoreSearch */ = {
			isa = PBXGroup;
			children = (
				AAF9CDEA288A1E5700595DC5 /* AppDelegate.swift */,
				AAF9CDEC288A1E5700595DC5 /* SceneDelegate.swift */,
				AAF9CDEE288A1E5700595DC5 /* SearchViewController.swift */,
				AAF9CDFE288B33C700595DC5 /* SearchResult.swift */,
				AAF9CDF0288A1E5700595DC5 /* Main.storyboard */,
				AAF9CDF3288A1E5900595DC5 /* Assets.xcassets */,
				AAF9CDF8288A1E5900595DC5 /* Info.plist */,
				AA121314288F377F002D0B6F /* SearchResultCell.xib */,
				AA121316288F41C3002D0B6F /* SearchResultCell.swift */,
				AA12131A288F46E8002D0B6F /* NothingFoundCell.xib */,
				AA12131C288F47BD002D0B6F /* Constants.swift */,
				AA47006F2893195400FB41C7 /* LoadingCell.xib */,
				AAFD987A28972B1F005D0583 /* UIImageView+DownloadImage.swift */,
				AAFD987C289895C0005D0583 /* DetailViewController.swift */,
				AAF640EF2899D52200172908 /* GradientView.swift */,
				AAF640F12899DA5A00172908 /* BounceAnimationController.swift */,
				AAF640F32899DEAA00172908 /* SlideOutAnimationController.swift */,
			);
			path = StoreSearch;
			sourceTree = "<group>";
		};
/* End PBXGroup section */

/* Begin PBXNativeTarget section */
		AAF9CDE6288A1E5700595DC5 /* StoreSearch */ = {
			isa = PBXNativeTarget;
			buildConfigurationList = AAF9CDFB288A1E5900595DC5 /* Build configuration list for PBXNativeTarget "StoreSearch" */;
			buildPhases = (
				AAF9CDE3288A1E5700595DC5 /* Sources */,
				AAF9CDE4288A1E5700595DC5 /* Frameworks */,
				AAF9CDE5288A1E5700595DC5 /* Resources */,
			);
			buildRules = (
			);
			dependencies = (
			);
			name = StoreSearch;
			productName = StoreSearch;
			productReference = AAF9CDE7288A1E5700595DC5 /* StoreSearch.app */;
			productType = "com.apple.product-type.application";
		};
/* End PBXNativeTarget section */

/* Begin PBXProject section */
		AAF9CDDF288A1E5700595DC5 /* Project object */ = {
			isa = PBXProject;
			attributes = {
				BuildIndependentTargetsInParallel = 1;
				LastSwiftUpdateCheck = 1330;
				LastUpgradeCheck = 1330;
				TargetAttributes = {
					AAF9CDE6288A1E5700595DC5 = {
						CreatedOnToolsVersion = 13.3;
					};
				};
			};
			buildConfigurationList = AAF9CDE2288A1E5700595DC5 /* Build configuration list for PBXProject "StoreSearch" */;
			compatibilityVersion = "Xcode 13.0";
			developmentRegion = en;
			hasScannedForEncodings = 0;
			knownRegions = (
				en,
				Base,
			);
			mainGroup = AAF9CDDE288A1E5700595DC5;
			productRefGroup = AAF9CDE8288A1E5700595DC5 /* Products */;
			projectDirPath = "";
			projectRoot = "";
			targets = (
				AAF9CDE6288A1E5700595DC5 /* StoreSearch */,
			);
		};
/* End PBXProject section */

/* Begin PBXResourcesBuildPhase section */
		AAF9CDE5288A1E5700595DC5 /* Resources */ = {
			isa = PBXResourcesBuildPhase;
			buildActionMask = 2147483647;
			files = (
				AAF9CDF4288A1E5900595DC5 /* Assets.xcassets in Resources */,
				AA4700702893195400FB41C7 /* LoadingCell.xib in Resources */,
				AA121315288F377F002D0B6F /* SearchResultCell.xib in Resources */,
				AA12131B288F46E8002D0B6F /* NothingFoundCell.xib in Resources */,
				AAF9CDF2288A1E5700595DC5 /* Main.storyboard in Resources */,
			);
			runOnlyForDeploymentPostprocessing = 0;
		};
/* End PBXResourcesBuildPhase section */

/* Begin PBXSourcesBuildPhase section */
		AAF9CDE3288A1E5700595DC5 /* Sources */ = {
			isa = PBXSourcesBuildPhase;
			buildActionMask = 2147483647;
			files = (
				AAFD987B28972B1F005D0583 /* UIImageView+DownloadImage.swift in Sources */,
				AAF9CDEF288A1E5700595DC5 /* SearchViewController.swift in Sources */,
				AAF9CDEB288A1E5700595DC5 /* AppDelegate.swift in Sources */,
				AAF9CDFF288B33C700595DC5 /* SearchResult.swift in Sources */,
				AAF640F22899DA5A00172908 /* BounceAnimationController.swift in Sources */,
				AAF9CDED288A1E5700595DC5 /* SceneDelegate.swift in Sources */,
				AA121317288F41C3002D0B6F /* SearchResultCell.swift in Sources */,
				AA12131D288F47BD002D0B6F /* Constants.swift in Sources */,
				AAF640F42899DEAA00172908 /* SlideOutAnimationController.swift in Sources */,
				AAFD987D289895C0005D0583 /* DetailViewController.swift in Sources */,
				AAF640F02899D52200172908 /* GradientView.swift in Sources */,
			);
			runOnlyForDeploymentPostprocessing = 0;
		};
/* End PBXSourcesBuildPhase section */

/* Begin PBXVariantGroup section */
		AAF9CDF0288A1E5700595DC5 /* Main.storyboard */ = {
			isa = PBXVariantGroup;
			children = (
				AAF9CDF1288A1E5700595DC5 /* Base */,
			);
			name = Main.storyboard;
			sourceTree = "<group>";
		};
/* End PBXVariantGroup section */

/* Begin XCBuildConfiguration section */
		AAF9CDF9288A1E5900595DC5 /* Debug */ = {
			isa = XCBuildConfiguration;
			buildSettings = {
				ALWAYS_SEARCH_USER_PATHS = NO;
				CLANG_ANALYZER_NONNULL = YES;
				CLANG_ANALYZER_NUMBER_OBJECT_CONVERSION = YES_AGGRESSIVE;
				CLANG_CXX_LANGUAGE_STANDARD = "gnu++17";
				CLANG_ENABLE_MODULES = YES;
				CLANG_ENABLE_OBJC_ARC = YES;
				CLANG_ENABLE_OBJC_WEAK = YES;
				CLANG_WARN_BLOCK_CAPTURE_AUTORELEASING = YES;
				CLANG_WARN_BOOL_CONVERSION = YES;
				CLANG_WARN_COMMA = YES;
				CLANG_WARN_CONSTANT_CONVERSION = YES;
				CLANG_WARN_DEPRECATED_OBJC_IMPLEMENTATIONS = YES;
				CLANG_WARN_DIRECT_OBJC_ISA_USAGE = YES_ERROR;
				CLANG_WARN_DOCUMENTATION_COMMENTS = YES;
				CLANG_WARN_EMPTY_BODY = YES;
				CLANG_WARN_ENUM_CONVERSION = YES;
				CLANG_WARN_INFINITE_RECURSION = YES;
				CLANG_WARN_INT_CONVERSION = YES;
				CLANG_WARN_NON_LITERAL_NULL_CONVERSION = YES;
				CLANG_WARN_OBJC_IMPLICIT_RETAIN_SELF = YES;
				CLANG_WARN_OBJC_LITERAL_CONVERSION = YES;
				CLANG_WARN_OBJC_ROOT_CLASS = YES_ERROR;
				CLANG_WARN_QUOTED_INCLUDE_IN_FRAMEWORK_HEADER = YES;
				CLANG_WARN_RANGE_LOOP_ANALYSIS = YES;
				CLANG_WARN_STRICT_PROTOTYPES = YES;
				CLANG_WARN_SUSPICIOUS_MOVE = YES;
				CLANG_WARN_UNGUARDED_AVAILABILITY = YES_AGGRESSIVE;
				CLANG_WARN_UNREACHABLE_CODE = YES;
				CLANG_WARN__DUPLICATE_METHOD_MATCH = YES;
				COPY_PHASE_STRIP = NO;
				DEBUG_INFORMATION_FORMAT = dwarf;
				ENABLE_STRICT_OBJC_MSGSEND = YES;
				ENABLE_TESTABILITY = YES;
				GCC_C_LANGUAGE_STANDARD = gnu11;
				GCC_DYNAMIC_NO_PIC = NO;
				GCC_NO_COMMON_BLOCKS = YES;
				GCC_OPTIMIZATION_LEVEL = 0;
				GCC_PREPROCESSOR_DEFINITIONS = (
					"DEBUG=1",
					"$(inherited)",
				);
				GCC_WARN_64_TO_32_BIT_CONVERSION = YES;
				GCC_WARN_ABOUT_RETURN_TYPE = YES_ERROR;
				GCC_WARN_UNDECLARED_SELECTOR = YES;
				GCC_WARN_UNINITIALIZED_AUTOS = YES_AGGRESSIVE;
				GCC_WARN_UNUSED_FUNCTION = YES;
				GCC_WARN_UNUSED_VARIABLE = YES;
				IPHONEOS_DEPLOYMENT_TARGET = 15.4;
				MTL_ENABLE_DEBUG_INFO = INCLUDE_SOURCE;
				MTL_FAST_MATH = YES;
				ONLY_ACTIVE_ARCH = YES;
				SDKROOT = iphoneos;
				SWIFT_ACTIVE_COMPILATION_CONDITIONS = DEBUG;
				SWIFT_OPTIMIZATION_LEVEL = "-Onone";
			};
			name = Debug;
		};
		AAF9CDFA288A1E5900595DC5 /* Release */ = {
			isa = XCBuildConfiguration;
			buildSettings = {
				ALWAYS_SEARCH_USER_PATHS = NO;
				CLANG_ANALYZER_NONNULL = YES;
				CLANG_ANALYZER_NUMBER_OBJECT_CONVERSION = YES_AGGRESSIVE;
				CLANG_CXX_LANGUAGE_STANDARD = "gnu++17";
				CLANG_ENABLE_MODULES = YES;
				CLANG_ENABLE_OBJC_ARC = YES;
				CLANG_ENABLE_OBJC_WEAK = YES;
				CLANG_WARN_BLOCK_CAPTURE_AUTORELEASING = YES;
				CLANG_WARN_BOOL_CONVERSION = YES;
				CLANG_WARN_COMMA = YES;
				CLANG_WARN_CONSTANT_CONVERSION = YES;
				CLANG_WARN_DEPRECATED_OBJC_IMPLEMENTATIONS = YES;
				CLANG_WARN_DIRECT_OBJC_ISA_USAGE = YES_ERROR;
				CLANG_WARN_DOCUMENTATION_COMMENTS = YES;
				CLANG_WARN_EMPTY_BODY = YES;
				CLANG_WARN_ENUM_CONVERSION = YES;
				CLANG_WARN_INFINITE_RECURSION = YES;
				CLANG_WARN_INT_CONVERSION = YES;
				CLANG_WARN_NON_LITERAL_NULL_CONVERSION = YES;
				CLANG_WARN_OBJC_IMPLICIT_RETAIN_SELF = YES;
				CLANG_WARN_OBJC_LITERAL_CONVERSION = YES;
				CLANG_WARN_OBJC_ROOT_CLASS = YES_ERROR;
				CLANG_WARN_QUOTED_INCLUDE_IN_FRAMEWORK_HEADER = YES;
				CLANG_WARN_RANGE_LOOP_ANALYSIS = YES;
				CLANG_WARN_STRICT_PROTOTYPES = YES;
				CLANG_WARN_SUSPICIOUS_MOVE = YES;
				CLANG_WARN_UNGUARDED_AVAILABILITY = YES_AGGRESSIVE;
				CLANG_WARN_UNREACHABLE_CODE = YES;
				CLANG_WARN__DUPLICATE_METHOD_MATCH = YES;
				COPY_PHASE_STRIP = NO;
				DEBUG_INFORMATION_FORMAT = "dwarf-with-dsym";
				ENABLE_NS_ASSERTIONS = NO;
				ENABLE_STRICT_OBJC_MSGSEND = YES;
				GCC_C_LANGUAGE_STANDARD = gnu11;
				GCC_NO_COMMON_BLOCKS = YES;
				GCC_WARN_64_TO_32_BIT_CONVERSION = YES;
				GCC_WARN_ABOUT_RETURN_TYPE = YES_ERROR;
				GCC_WARN_UNDECLARED_SELECTOR = YES;
				GCC_WARN_UNINITIALIZED_AUTOS = YES_AGGRESSIVE;
				GCC_WARN_UNUSED_FUNCTION = YES;
				GCC_WARN_UNUSED_VARIABLE = YES;
				IPHONEOS_DEPLOYMENT_TARGET = 15.4;
				MTL_ENABLE_DEBUG_INFO = NO;
				MTL_FAST_MATH = YES;
				SDKROOT = iphoneos;
				SWIFT_COMPILATION_MODE = wholemodule;
				SWIFT_OPTIMIZATION_LEVEL = "-O";
				VALIDATE_PRODUCT = YES;
			};
			name = Release;
		};
		AAF9CDFC288A1E5900595DC5 /* Debug */ = {
			isa = XCBuildConfiguration;
			buildSettings = {
				ASSETCATALOG_COMPILER_APPICON_NAME = AppIcon;
				ASSETCATALOG_COMPILER_GLOBAL_ACCENT_COLOR_NAME = AccentColor;
				CODE_SIGN_STYLE = Automatic;
				CURRENT_PROJECT_VERSION = 1;
				DEVELOPMENT_TEAM = 4T47QN7DRK;
				GENERATE_INFOPLIST_FILE = YES;
				INFOPLIST_FILE = StoreSearch/Info.plist;
				INFOPLIST_KEY_UIApplicationSupportsIndirectInputEvents = YES;
				INFOPLIST_KEY_UILaunchStoryboardName = Main;
				INFOPLIST_KEY_UIMainStoryboardFile = Main;
				INFOPLIST_KEY_UISupportedInterfaceOrientations_iPad = "UIInterfaceOrientationPortrait UIInterfaceOrientationPortraitUpsideDown UIInterfaceOrientationLandscapeLeft UIInterfaceOrientationLandscapeRight";
				INFOPLIST_KEY_UISupportedInterfaceOrientations_iPhone = "UIInterfaceOrientationPortrait UIInterfaceOrientationLandscapeLeft UIInterfaceOrientationLandscapeRight";
				LD_RUNPATH_SEARCH_PATHS = (
					"$(inherited)",
					"@executable_path/Frameworks",
				);
				MARKETING_VERSION = 1.0;
				PRODUCT_BUNDLE_IDENTIFIER = com.noidroid.StoreSearch;
				PRODUCT_NAME = "$(TARGET_NAME)";
				SWIFT_EMIT_LOC_STRINGS = YES;
				SWIFT_VERSION = 5.0;
				TARGETED_DEVICE_FAMILY = "1,2";
			};
			name = Debug;
		};
		AAF9CDFD288A1E5900595DC5 /* Release */ = {
			isa = XCBuildConfiguration;
			buildSettings = {
				ASSETCATALOG_COMPILER_APPICON_NAME = AppIcon;
				ASSETCATALOG_COMPILER_GLOBAL_ACCENT_COLOR_NAME = AccentColor;
				CODE_SIGN_STYLE = Automatic;
				CURRENT_PROJECT_VERSION = 1;
				DEVELOPMENT_TEAM = 4T47QN7DRK;
				GENERATE_INFOPLIST_FILE = YES;
				INFOPLIST_FILE = StoreSearch/Info.plist;
				INFOPLIST_KEY_UIApplicationSupportsIndirectInputEvents = YES;
				INFOPLIST_KEY_UILaunchStoryboardName = Main;
				INFOPLIST_KEY_UIMainStoryboardFile = Main;
				INFOPLIST_KEY_UISupportedInterfaceOrientations_iPad = "UIInterfaceOrientationPortrait UIInterfaceOrientationPortraitUpsideDown UIInterfaceOrientationLandscapeLeft UIInterfaceOrientationLandscapeRight";
				INFOPLIST_KEY_UISupportedInterfaceOrientations_iPhone = "UIInterfaceOrientationPortrait UIInterfaceOrientationLandscapeLeft UIInterfaceOrientationLandscapeRight";
				LD_RUNPATH_SEARCH_PATHS = (
					"$(inherited)",
					"@executable_path/Frameworks",
				);
				MARKETING_VERSION = 1.0;
				PRODUCT_BUNDLE_IDENTIFIER = com.noidroid.StoreSearch;
				PRODUCT_NAME = "$(TARGET_NAME)";
				SWIFT_EMIT_LOC_STRINGS = YES;
				SWIFT_VERSION = 5.0;
				TARGETED_DEVICE_FAMILY = "1,2";
			};
			name = Release;
		};
/* End XCBuildConfiguration section */

/* Begin XCConfigurationList section */
		AAF9CDE2288A1E5700595DC5 /* Build configuration list for PBXProject "StoreSearch" */ = {
			isa = XCConfigurationList;
			buildConfigurations = (
				AAF9CDF9288A1E5900595DC5 /* Debug */,
				AAF9CDFA288A1E5900595DC5 /* Release */,
			);
			defaultConfigurationIsVisible = 0;
			defaultConfigurationName = Release;
		};
		AAF9CDFB288A1E5900595DC5 /* Build configuration list for PBXNativeTarget "StoreSearch" */ = {
			isa = XCConfigurationList;
			buildConfigurations = (
				AAF9CDFC288A1E5900595DC5 /* Debug */,
				AAF9CDFD288A1E5900595DC5 /* Release */,
			);
			defaultConfigurationIsVisible = 0;
			defaultConfigurationName = Release;
		};
/* End XCConfigurationList section */
	};
	rootObject = AAF9CDDF288A1E5700595DC5 /* Project object */;
}
